
Microsoft Visual Studio Solution File, Format Version 12.00
# Visual Studio Version 16
VisualStudioVersion = 16.0.31624.102
MinimumVisualStudioVersion = 10.0.40219.1
Project("{9A19103F-16F7-4668-BE54-9A1E7A4F7556}") = "SecondRESTexcercise", "SecondRESTexcercise.csproj", "{95A22C0C-53AA-4945-B03C-4B2B1D81B6EC}"
EndProject
Project("{FAE04EC0-301F-11D3-BF4B-00C04F79EFBC}") = "SecondRESTexcerciseTests", "..\SecondRESTexcerciseTests\SecondRESTexcerciseTests.csproj", "{5092E6F3-C596-4D58-B831-CD78297512D8}"
EndProject
Global
	GlobalSection(SolutionConfigurationPlatforms) = preSolution
		Debug|Any CPU = Debug|Any CPU
		Release|Any CPU = Release|Any CPU
	EndGlobalSection
	GlobalSection(ProjectConfigurationPlatforms) = postSolution
		{95A22C0C-53AA-4945-B03C-4B2B1D81B6EC}.Debug|Any CPU.ActiveCfg = Debug|Any CPU
		{95A22C0C-53AA-4945-B03C-4B2B1D81B6EC}.Debug|Any CPU.Build.0 = Debug|Any CPU
		{95A22C0C-53AA-4945-B03C-4B2B1D81B6EC}.Release|Any CPU.ActiveCfg = Release|Any CPU
		{95A22C0C-53AA-4945-B03C-4B2B1D81B6EC}.Release|Any CPU.Build.0 = Release|Any CPU
		{5092E6F3-C596-4D58-B831-CD78297512D8}.Debug|Any CPU.ActiveCfg = Debug|Any CPU
		{5092E6F3-C596-4D58-B831-CD78297512D8}.Debug|Any CPU.Build.0 = Debug|Any CPU
		{5092E6F3-C596-4D58-B831-CD78297512D8}.Release|Any CPU.ActiveCfg = Release|Any CPU
		{5092E6F3-C596-4D58-B831-CD78297512D8}.Release|Any CPU.Build.0 = Release|Any CPU
	EndGlobalSection
	GlobalSection(SolutionProperties) = preSolution
		HideSolutionNode = FALSE
	EndGlobalSection
	GlobalSection(ExtensibilityGlobals) = postSolution
		SolutionGuid = {54D45F8D-3674-4A4D-A56D-87DCB4A472A9}
	EndGlobalSection
EndGlobal
